
Microsoft Visual Studio Solution File, Format Version 12.00
# Visual Studio 15
VisualStudioVersion = 15.0.26430.13
MinimumVisualStudioVersion = 10.0.40219.1
Project("{FAE04EC0-301F-11D3-BF4B-00C04F79EFBC}") = "NetCraft", "NetCraft\NetCraft.csproj", "{335E9078-445B-410F-BAAE-2348B46E3723}"
EndProject
Project("{FAE04EC0-301F-11D3-BF4B-00C04F79EFBC}") = "NetCraft.Core", "NetCraft.Core\NetCraft.Core.csproj", "{5F1D7B81-585A-461E-9F73-E40E04CE97FF}"
EndProject
Global
	GlobalSection(SolutionConfigurationPlatforms) = preSolution
		Debug|Any CPU = Debug|Any CPU
		Release|Any CPU = Release|Any CPU
	EndGlobalSection
	GlobalSection(ProjectConfigurationPlatforms) = postSolution
		{335E9078-445B-410F-BAAE-2348B46E3723}.Debug|Any CPU.ActiveCfg = Debug|Any CPU
		{335E9078-445B-410F-BAAE-2348B46E3723}.Debug|Any CPU.Build.0 = Debug|Any CPU
		{335E9078-445B-410F-BAAE-2348B46E3723}.Release|Any CPU.ActiveCfg = Release|Any CPU
		{335E9078-445B-410F-BAAE-2348B46E3723}.Release|Any CPU.Build.0 = Release|Any CPU
		{5F1D7B81-585A-461E-9F73-E40E04CE97FF}.Debug|Any CPU.ActiveCfg = Debug|Any CPU
		{5F1D7B81-585A-461E-9F73-E40E04CE97FF}.Debug|Any CPU.Build.0 = Debug|Any CPU
		{5F1D7B81-585A-461E-9F73-E40E04CE97FF}.Release|Any CPU.ActiveCfg = Release|Any CPU
		{5F1D7B81-585A-461E-9F73-E40E04CE97FF}.Release|Any CPU.Build.0 = Release|Any CPU
	EndGlobalSection
	GlobalSection(SolutionProperties) = preSolution
		HideSolutionNode = FALSE
	EndGlobalSection
EndGlobal
